
Microsoft Visual Studio Solution File, Format Version 12.00
# Visual Studio Version 17
VisualStudioVersion = 17.8.34330.188
MinimumVisualStudioVersion = 10.0.40219.1
Project("{FAE04EC0-301F-11D3-BF4B-00C04F79EFBC}") = "Portafolio", "Portafolio\Portafolio.csproj", "{5CACB75D-BC29-4ACF-A536-56AE5F2C2EBC}"
EndProject
Global
	GlobalSection(SolutionConfigurationPlatforms) = preSolution
		Debug|Any CPU = Debug|Any CPU
		Release|Any CPU = Release|Any CPU
	EndGlobalSection
	GlobalSection(ProjectConfigurationPlatforms) = postSolution
		{5CACB75D-BC29-4ACF-A536-56AE5F2C2EBC}.Debug|Any CPU.ActiveCfg = Debug|Any CPU
		{5CACB75D-BC29-4ACF-A536-56AE5F2C2EBC}.Debug|Any CPU.Build.0 = Debug|Any CPU
		{5CACB75D-BC29-4ACF-A536-56AE5F2C2EBC}.Release|Any CPU.ActiveCfg = Release|Any CPU
		{5CACB75D-BC29-4ACF-A536-56AE5F2C2EBC}.Release|Any CPU.Build.0 = Release|Any CPU
	EndGlobalSection
	GlobalSection(SolutionProperties) = preSolution
		HideSolutionNode = FALSE
	EndGlobalSection
	GlobalSection(ExtensibilityGlobals) = postSolution
		SolutionGuid = {FF6C23E3-0B6F-4119-B891-E3E1E1167E10}
	EndGlobalSection
EndGlobal
